// !$*UTF8*$!
{
	archiveVersion = 1;
	classes = {
	};
	objectVersion = 55;
	objects = {

/* Begin PBXBuildFile section */
		1A177E9E283648FD00A2357B /* ChefioApp.swift in Sources */ = {isa = PBXBuildFile; fileRef = 1A177E9D283648FD00A2357B /* ChefioApp.swift */; };
		1A177EA0283648FD00A2357B /* ContentView.swift in Sources */ = {isa = PBXBuildFile; fileRef = 1A177E9F283648FD00A2357B /* ContentView.swift */; };
		1A177EA2283648FE00A2357B /* Assets.xcassets in Resources */ = {isa = PBXBuildFile; fileRef = 1A177EA1283648FE00A2357B /* Assets.xcassets */; };
		1A177EA5283648FE00A2357B /* Preview Assets.xcassets in Resources */ = {isa = PBXBuildFile; fileRef = 1A177EA4283648FE00A2357B /* Preview Assets.xcassets */; };
		1A177EB02836494300A2357B /* Colors.xcassets in Resources */ = {isa = PBXBuildFile; fileRef = 1A177EAF2836494300A2357B /* Colors.xcassets */; };
		1A177EB228364A4400A2357B /* Font+Custom.swift in Sources */ = {isa = PBXBuildFile; fileRef = 1A177EB128364A4300A2357B /* Font+Custom.swift */; };
		1A177EB428364BFB00A2357B /* OnboardingView.swift in Sources */ = {isa = PBXBuildFile; fileRef = 1A177EB328364BFB00A2357B /* OnboardingView.swift */; };
		1A177EB728364D8000A2357B /* ButtonConstructor.swift in Sources */ = {isa = PBXBuildFile; fileRef = 1A177EB628364D8000A2357B /* ButtonConstructor.swift */; };
		1A177EB92836505D00A2357B /* SignInView.swift in Sources */ = {isa = PBXBuildFile; fileRef = 1A177EB82836505D00A2357B /* SignInView.swift */; };
		1A177ED72837722700A2357B /* CustomTextField.swift in Sources */ = {isa = PBXBuildFile; fileRef = 1A177ED62837722700A2357B /* CustomTextField.swift */; };
		1A177ED928378AA900A2357B /* CustomSecureField.swift in Sources */ = {isa = PBXBuildFile; fileRef = 1A177ED828378AA900A2357B /* CustomSecureField.swift */; };
		1A177EDD2837937B00A2357B /* SignUpView.swift in Sources */ = {isa = PBXBuildFile; fileRef = 1A177EDC2837937B00A2357B /* SignUpView.swift */; };
		1A177EDF28379AAE00A2357B /* ValidationButtonConstructor.swift in Sources */ = {isa = PBXBuildFile; fileRef = 1A177EDE28379AAE00A2357B /* ValidationButtonConstructor.swift */; };
		1A177EE128379DCD00A2357B /* VerificationCodeView.swift in Sources */ = {isa = PBXBuildFile; fileRef = 1A177EE028379DCD00A2357B /* VerificationCodeView.swift */; };
		1A177EE328379FC800A2357B /* VerificationField.swift in Sources */ = {isa = PBXBuildFile; fileRef = 1A177EE228379FC800A2357B /* VerificationField.swift */; };
		1A177EE52837A5BE00A2357B /* String+Substring.swift in Sources */ = {isa = PBXBuildFile; fileRef = 1A177EE42837A5BE00A2357B /* String+Substring.swift */; };
		1A177EE82837B0EB00A2357B /* ForgotPasswordView.swift in Sources */ = {isa = PBXBuildFile; fileRef = 1A177EE72837B0EB00A2357B /* ForgotPasswordView.swift */; };
		1A177EEB2837B40600A2357B /* HomeView.swift in Sources */ = {isa = PBXBuildFile; fileRef = 1A177EEA2837B40600A2357B /* HomeView.swift */; };
		1A177EEF2837B58000A2357B /* CategoryButton.swift in Sources */ = {isa = PBXBuildFile; fileRef = 1A177EEE2837B58000A2357B /* CategoryButton.swift */; };
		1A177EF12837B5F300A2357B /* CategoryModel.swift in Sources */ = {isa = PBXBuildFile; fileRef = 1A177EF02837B5F300A2357B /* CategoryModel.swift */; };
		1A5BDE6A283B765300195167 /* RecipeDescriptionView.swift in Sources */ = {isa = PBXBuildFile; fileRef = 1A5BDE69283B765300195167 /* RecipeDescriptionView.swift */; };
		1A5BDE6C283B77E400195167 /* RecipeDescriptionModel.swift in Sources */ = {isa = PBXBuildFile; fileRef = 1A5BDE6B283B77E400195167 /* RecipeDescriptionModel.swift */; };
		1A7DE1CA2837BE8F0053E1E2 /* FooterView.swift in Sources */ = {isa = PBXBuildFile; fileRef = 1A7DE1C92837BE8F0053E1E2 /* FooterView.swift */; };
		1A7DE1CC2837BF860053E1E2 /* RecipeBlockView.swift in Sources */ = {isa = PBXBuildFile; fileRef = 1A7DE1CB2837BF860053E1E2 /* RecipeBlockView.swift */; };
		1A7DE1CE2837BFC50053E1E2 /* RecipeModel.swift in Sources */ = {isa = PBXBuildFile; fileRef = 1A7DE1CD2837BFC50053E1E2 /* RecipeModel.swift */; };
		1A7DE1D02837C0520053E1E2 /* AuthorModel.swift in Sources */ = {isa = PBXBuildFile; fileRef = 1A7DE1CF2837C0520053E1E2 /* AuthorModel.swift */; };
		1A7DE1D22837C1500053E1E2 /* RemoteImageView.swift in Sources */ = {isa = PBXBuildFile; fileRef = 1A7DE1D12837C1500053E1E2 /* RemoteImageView.swift */; };
		1A83F474283F60F80031DF1E /* AppColor.swift in Sources */ = {isa = PBXBuildFile; fileRef = 1A83F473283F60F80031DF1E /* AppColor.swift */; };
		1A886AE7283E234D00B0A304 /* NewRecipeView.swift in Sources */ = {isa = PBXBuildFile; fileRef = 1A886AE6283E234D00B0A304 /* NewRecipeView.swift */; };
		1A886AE9283E235C00B0A304 /* NewRecipeDescriptionView.swift in Sources */ = {isa = PBXBuildFile; fileRef = 1A886AE8283E235C00B0A304 /* NewRecipeDescriptionView.swift */; };
		1A886AEC283E2C3D00B0A304 /* SwiftUISlider.swift in Sources */ = {isa = PBXBuildFile; fileRef = 1A886AEB283E2C3D00B0A304 /* SwiftUISlider.swift */; };
/* End PBXBuildFile section */

/* Begin PBXFileReference section */
		1A177E9A283648FD00A2357B /* Chefio.app */ = {isa = PBXFileReference; explicitFileType = wrapper.application; includeInIndex = 0; path = Chefio.app; sourceTree = BUILT_PRODUCTS_DIR; };
		1A177E9D283648FD00A2357B /* ChefioApp.swift */ = {isa = PBXFileReference; lastKnownFileType = sourcecode.swift; path = ChefioApp.swift; sourceTree = "<group>"; };
		1A177E9F283648FD00A2357B /* ContentView.swift */ = {isa = PBXFileReference; lastKnownFileType = sourcecode.swift; path = ContentView.swift; sourceTree = "<group>"; };
		1A177EA1283648FE00A2357B /* Assets.xcassets */ = {isa = PBXFileReference; lastKnownFileType = folder.assetcatalog; path = Assets.xcassets; sourceTree = "<group>"; };
		1A177EA4283648FE00A2357B /* Preview Assets.xcassets */ = {isa = PBXFileReference; lastKnownFileType = folder.assetcatalog; path = "Preview Assets.xcassets"; sourceTree = "<group>"; };
		1A177EAF2836494300A2357B /* Colors.xcassets */ = {isa = PBXFileReference; lastKnownFileType = folder.assetcatalog; path = Colors.xcassets; sourceTree = "<group>"; };
		1A177EB128364A4300A2357B /* Font+Custom.swift */ = {isa = PBXFileReference; lastKnownFileType = sourcecode.swift; path = "Font+Custom.swift"; sourceTree = "<group>"; };
		1A177EB328364BFB00A2357B /* OnboardingView.swift */ = {isa = PBXFileReference; lastKnownFileType = sourcecode.swift; path = OnboardingView.swift; sourceTree = "<group>"; };
		1A177EB628364D8000A2357B /* ButtonConstructor.swift */ = {isa = PBXFileReference; lastKnownFileType = sourcecode.swift; path = ButtonConstructor.swift; sourceTree = "<group>"; };
		1A177EB82836505D00A2357B /* SignInView.swift */ = {isa = PBXFileReference; lastKnownFileType = sourcecode.swift; path = SignInView.swift; sourceTree = "<group>"; };
		1A177ED62837722700A2357B /* CustomTextField.swift */ = {isa = PBXFileReference; lastKnownFileType = sourcecode.swift; path = CustomTextField.swift; sourceTree = "<group>"; };
		1A177ED828378AA900A2357B /* CustomSecureField.swift */ = {isa = PBXFileReference; lastKnownFileType = sourcecode.swift; path = CustomSecureField.swift; sourceTree = "<group>"; };
		1A177EDC2837937B00A2357B /* SignUpView.swift */ = {isa = PBXFileReference; lastKnownFileType = sourcecode.swift; path = SignUpView.swift; sourceTree = "<group>"; };
		1A177EDE28379AAE00A2357B /* ValidationButtonConstructor.swift */ = {isa = PBXFileReference; lastKnownFileType = sourcecode.swift; path = ValidationButtonConstructor.swift; sourceTree = "<group>"; };
		1A177EE028379DCD00A2357B /* VerificationCodeView.swift */ = {isa = PBXFileReference; lastKnownFileType = sourcecode.swift; path = VerificationCodeView.swift; sourceTree = "<group>"; };
		1A177EE228379FC800A2357B /* VerificationField.swift */ = {isa = PBXFileReference; lastKnownFileType = sourcecode.swift; path = VerificationField.swift; sourceTree = "<group>"; };
		1A177EE42837A5BE00A2357B /* String+Substring.swift */ = {isa = PBXFileReference; lastKnownFileType = sourcecode.swift; path = "String+Substring.swift"; sourceTree = "<group>"; };
		1A177EE72837B0EB00A2357B /* ForgotPasswordView.swift */ = {isa = PBXFileReference; lastKnownFileType = sourcecode.swift; path = ForgotPasswordView.swift; sourceTree = "<group>"; };
		1A177EEA2837B40600A2357B /* HomeView.swift */ = {isa = PBXFileReference; lastKnownFileType = sourcecode.swift; path = HomeView.swift; sourceTree = "<group>"; };
		1A177EEE2837B58000A2357B /* CategoryButton.swift */ = {isa = PBXFileReference; lastKnownFileType = sourcecode.swift; path = CategoryButton.swift; sourceTree = "<group>"; };
		1A177EF02837B5F300A2357B /* CategoryModel.swift */ = {isa = PBXFileReference; lastKnownFileType = sourcecode.swift; path = CategoryModel.swift; sourceTree = "<group>"; };
		1A5BDE69283B765300195167 /* RecipeDescriptionView.swift */ = {isa = PBXFileReference; lastKnownFileType = sourcecode.swift; path = RecipeDescriptionView.swift; sourceTree = "<group>"; };
		1A5BDE6B283B77E400195167 /* RecipeDescriptionModel.swift */ = {isa = PBXFileReference; lastKnownFileType = sourcecode.swift; path = RecipeDescriptionModel.swift; sourceTree = "<group>"; };
		1A7DE1C92837BE8F0053E1E2 /* FooterView.swift */ = {isa = PBXFileReference; lastKnownFileType = sourcecode.swift; path = FooterView.swift; sourceTree = "<group>"; };
		1A7DE1CB2837BF860053E1E2 /* RecipeBlockView.swift */ = {isa = PBXFileReference; lastKnownFileType = sourcecode.swift; path = RecipeBlockView.swift; sourceTree = "<group>"; };
		1A7DE1CD2837BFC50053E1E2 /* RecipeModel.swift */ = {isa = PBXFileReference; lastKnownFileType = sourcecode.swift; path = RecipeModel.swift; sourceTree = "<group>"; };
		1A7DE1CF2837C0520053E1E2 /* AuthorModel.swift */ = {isa = PBXFileReference; lastKnownFileType = sourcecode.swift; path = AuthorModel.swift; sourceTree = "<group>"; };
		1A7DE1D12837C1500053E1E2 /* RemoteImageView.swift */ = {isa = PBXFileReference; lastKnownFileType = sourcecode.swift; path = RemoteImageView.swift; sourceTree = "<group>"; };
		1A83F473283F60F80031DF1E /* AppColor.swift */ = {isa = PBXFileReference; lastKnownFileType = sourcecode.swift; path = AppColor.swift; sourceTree = "<group>"; };
		1A886AE6283E234D00B0A304 /* NewRecipeView.swift */ = {isa = PBXFileReference; lastKnownFileType = sourcecode.swift; path = NewRecipeView.swift; sourceTree = "<group>"; };
		1A886AE8283E235C00B0A304 /* NewRecipeDescriptionView.swift */ = {isa = PBXFileReference; lastKnownFileType = sourcecode.swift; path = NewRecipeDescriptionView.swift; sourceTree = "<group>"; };
		1A886AEB283E2C3D00B0A304 /* SwiftUISlider.swift */ = {isa = PBXFileReference; lastKnownFileType = sourcecode.swift; path = SwiftUISlider.swift; sourceTree = "<group>"; };
/* End PBXFileReference section */

/* Begin PBXFrameworksBuildPhase section */
		1A177E97283648FD00A2357B /* Frameworks */ = {
			isa = PBXFrameworksBuildPhase;
			buildActionMask = 2147483647;
			files = (
			);
			runOnlyForDeploymentPostprocessing = 0;
		};
/* End PBXFrameworksBuildPhase section */

/* Begin PBXGroup section */
		1A177E91283648FD00A2357B = {
			isa = PBXGroup;
			children = (
				1A177E9C283648FD00A2357B /* Chefio */,
				1A177E9B283648FD00A2357B /* Products */,
			);
			sourceTree = "<group>";
		};
		1A177E9B283648FD00A2357B /* Products */ = {
			isa = PBXGroup;
			children = (
				1A177E9A283648FD00A2357B /* Chefio.app */,
			);
			name = Products;
			sourceTree = "<group>";
		};
		1A177E9C283648FD00A2357B /* Chefio */ = {
			isa = PBXGroup;
			children = (
				1A177EAE2836491900A2357B /* Resource */,
				1A177EAD2836491400A2357B /* Model */,
				1A177EAC2836490F00A2357B /* ViewModel */,
				1A177EAB2836490800A2357B /* View */,
				1A177EA3283648FE00A2357B /* Preview Content */,
			);
			path = Chefio;
			sourceTree = "<group>";
		};
		1A177EA3283648FE00A2357B /* Preview Content */ = {
			isa = PBXGroup;
			children = (
				1A177EA4283648FE00A2357B /* Preview Assets.xcassets */,
			);
			path = "Preview Content";
			sourceTree = "<group>";
		};
		1A177EAB2836490800A2357B /* View */ = {
			isa = PBXGroup;
			children = (
				1A177EB528364D3800A2357B /* Elements */,
				1A886AE5283E232900B0A304 /* NewRecipe */,
				1A177EE62837B0CB00A2357B /* Authorization */,
				1A177EEC2837B55B00A2357B /* Main */,
				1A177E9F283648FD00A2357B /* ContentView.swift */,
				1A177EB328364BFB00A2357B /* OnboardingView.swift */,
			);
			path = View;
			sourceTree = "<group>";
		};
		1A177EAC2836490F00A2357B /* ViewModel */ = {
			isa = PBXGroup;
			children = (
			);
			path = ViewModel;
			sourceTree = "<group>";
		};
		1A177EAD2836491400A2357B /* Model */ = {
			isa = PBXGroup;
			children = (
				1A177EF02837B5F300A2357B /* CategoryModel.swift */,
				1A7DE1CD2837BFC50053E1E2 /* RecipeModel.swift */,
				1A7DE1CF2837C0520053E1E2 /* AuthorModel.swift */,
				1A5BDE6B283B77E400195167 /* RecipeDescriptionModel.swift */,
				1A83F473283F60F80031DF1E /* AppColor.swift */,
			);
			path = Model;
			sourceTree = "<group>";
		};
		1A177EAE2836491900A2357B /* Resource */ = {
			isa = PBXGroup;
			children = (
				1A177E9D283648FD00A2357B /* ChefioApp.swift */,
				1A177EA1283648FE00A2357B /* Assets.xcassets */,
				1A177EAF2836494300A2357B /* Colors.xcassets */,
				1A177EB128364A4300A2357B /* Font+Custom.swift */,
			);
			path = Resource;
			sourceTree = "<group>";
		};
		1A177EB528364D3800A2357B /* Elements */ = {
			isa = PBXGroup;
			children = (
				1A177EB628364D8000A2357B /* ButtonConstructor.swift */,
				1A177EDE28379AAE00A2357B /* ValidationButtonConstructor.swift */,
				1A177ED62837722700A2357B /* CustomTextField.swift */,
				1A177ED828378AA900A2357B /* CustomSecureField.swift */,
				1A7DE1D12837C1500053E1E2 /* RemoteImageView.swift */,
			);
			path = Elements;
			sourceTree = "<group>";
		};
		1A177EE62837B0CB00A2357B /* Authorization */ = {
			isa = PBXGroup;
			children = (
				1A177EE92837B28C00A2357B /* Elements */,
				1A177EB82836505D00A2357B /* SignInView.swift */,
				1A177EDC2837937B00A2357B /* SignUpView.swift */,
				1A177EE028379DCD00A2357B /* VerificationCodeView.swift */,
				1A177EE72837B0EB00A2357B /* ForgotPasswordView.swift */,
			);
			path = Authorization;
			sourceTree = "<group>";
		};
		1A177EE92837B28C00A2357B /* Elements */ = {
			isa = PBXGroup;
			children = (
				1A177EE42837A5BE00A2357B /* String+Substring.swift */,
				1A177EE228379FC800A2357B /* VerificationField.swift */,
			);
			path = Elements;
			sourceTree = "<group>";
		};
		1A177EEC2837B55B00A2357B /* Main */ = {
			isa = PBXGroup;
			children = (
				1A177EED2837B56C00A2357B /* Elements */,
				1A177EEA2837B40600A2357B /* HomeView.swift */,
				1A5BDE69283B765300195167 /* RecipeDescriptionView.swift */,
			);
			path = Main;
			sourceTree = "<group>";
		};
		1A177EED2837B56C00A2357B /* Elements */ = {
			isa = PBXGroup;
			children = (
				1A177EEE2837B58000A2357B /* CategoryButton.swift */,
				1A7DE1C92837BE8F0053E1E2 /* FooterView.swift */,
				1A7DE1CB2837BF860053E1E2 /* RecipeBlockView.swift */,
			);
			path = Elements;
			sourceTree = "<group>";
		};
		1A886AE5283E232900B0A304 /* NewRecipe */ = {
			isa = PBXGroup;
			children = (
				1A886AEA283E2C3300B0A304 /* Elements */,
				1A886AE6283E234D00B0A304 /* NewRecipeView.swift */,
				1A886AE8283E235C00B0A304 /* NewRecipeDescriptionView.swift */,
			);
			path = NewRecipe;
			sourceTree = "<group>";
		};
		1A886AEA283E2C3300B0A304 /* Elements */ = {
			isa = PBXGroup;
			children = (
				1A886AEB283E2C3D00B0A304 /* SwiftUISlider.swift */,
			);
			path = Elements;
			sourceTree = "<group>";
		};
/* End PBXGroup section */

/* Begin PBXNativeTarget section */
		1A177E99283648FD00A2357B /* Chefio */ = {
			isa = PBXNativeTarget;
			buildConfigurationList = 1A177EA8283648FE00A2357B /* Build configuration list for PBXNativeTarget "Chefio" */;
			buildPhases = (
				1A177E96283648FD00A2357B /* Sources */,
				1A177E97283648FD00A2357B /* Frameworks */,
				1A177E98283648FD00A2357B /* Resources */,
			);
			buildRules = (
			);
			dependencies = (
			);
			name = Chefio;
			productName = Chefio;
			productReference = 1A177E9A283648FD00A2357B /* Chefio.app */;
			productType = "com.apple.product-type.application";
		};
/* End PBXNativeTarget section */

/* Begin PBXProject section */
		1A177E92283648FD00A2357B /* Project object */ = {
			isa = PBXProject;
			attributes = {
				BuildIndependentTargetsInParallel = 1;
				LastSwiftUpdateCheck = 1330;
				LastUpgradeCheck = 1330;
				TargetAttributes = {
					1A177E99283648FD00A2357B = {
						CreatedOnToolsVersion = 13.3;
					};
				};
			};
			buildConfigurationList = 1A177E95283648FD00A2357B /* Build configuration list for PBXProject "Chefio" */;
			compatibilityVersion = "Xcode 13.0";
			developmentRegion = en;
			hasScannedForEncodings = 0;
			knownRegions = (
				en,
				Base,
			);
			mainGroup = 1A177E91283648FD00A2357B;
			productRefGroup = 1A177E9B283648FD00A2357B /* Products */;
			projectDirPath = "";
			projectRoot = "";
			targets = (
				1A177E99283648FD00A2357B /* Chefio */,
			);
		};
/* End PBXProject section */

/* Begin PBXResourcesBuildPhase section */
		1A177E98283648FD00A2357B /* Resources */ = {
			isa = PBXResourcesBuildPhase;
			buildActionMask = 2147483647;
			files = (
				1A177EB02836494300A2357B /* Colors.xcassets in Resources */,
				1A177EA5283648FE00A2357B /* Preview Assets.xcassets in Resources */,
				1A177EA2283648FE00A2357B /* Assets.xcassets in Resources */,
			);
			runOnlyForDeploymentPostprocessing = 0;
		};
/* End PBXResourcesBuildPhase section */

/* Begin PBXSourcesBuildPhase section */
		1A177E96283648FD00A2357B /* Sources */ = {
			isa = PBXSourcesBuildPhase;
			buildActionMask = 2147483647;
			files = (
				1A177ED928378AA900A2357B /* CustomSecureField.swift in Sources */,
				1A177ED72837722700A2357B /* CustomTextField.swift in Sources */,
				1A177EB92836505D00A2357B /* SignInView.swift in Sources */,
				1A7DE1CA2837BE8F0053E1E2 /* FooterView.swift in Sources */,
				1A177EEB2837B40600A2357B /* HomeView.swift in Sources */,
				1A177EF12837B5F300A2357B /* CategoryModel.swift in Sources */,
				1A177EDF28379AAE00A2357B /* ValidationButtonConstructor.swift in Sources */,
				1A177EE128379DCD00A2357B /* VerificationCodeView.swift in Sources */,
				1A177EB228364A4400A2357B /* Font+Custom.swift in Sources */,
				1A177EB428364BFB00A2357B /* OnboardingView.swift in Sources */,
				1A7DE1CC2837BF860053E1E2 /* RecipeBlockView.swift in Sources */,
				1A886AEC283E2C3D00B0A304 /* SwiftUISlider.swift in Sources */,
				1A177EA0283648FD00A2357B /* ContentView.swift in Sources */,
				1A177EEF2837B58000A2357B /* CategoryButton.swift in Sources */,
				1A7DE1D02837C0520053E1E2 /* AuthorModel.swift in Sources */,
				1A177EE82837B0EB00A2357B /* ForgotPasswordView.swift in Sources */,
				1A177E9E283648FD00A2357B /* ChefioApp.swift in Sources */,
				1A7DE1D22837C1500053E1E2 /* RemoteImageView.swift in Sources */,
				1A177EE52837A5BE00A2357B /* String+Substring.swift in Sources */,
				1A5BDE6A283B765300195167 /* RecipeDescriptionView.swift in Sources */,
				1A177EE328379FC800A2357B /* VerificationField.swift in Sources */,
				1A886AE9283E235C00B0A304 /* NewRecipeDescriptionView.swift in Sources */,
				1A5BDE6C283B77E400195167 /* RecipeDescriptionModel.swift in Sources */,
				1A886AE7283E234D00B0A304 /* NewRecipeView.swift in Sources */,
				1A177EDD2837937B00A2357B /* SignUpView.swift in Sources */,
				1A7DE1CE2837BFC50053E1E2 /* RecipeModel.swift in Sources */,
				1A83F474283F60F80031DF1E /* AppColor.swift in Sources */,
				1A177EB728364D8000A2357B /* ButtonConstructor.swift in Sources */,
			);
			runOnlyForDeploymentPostprocessing = 0;
		};
/* End PBXSourcesBuildPhase section */

/* Begin XCBuildConfiguration section */
		1A177EA6283648FE00A2357B /* Debug */ = {
			isa = XCBuildConfiguration;
			buildSettings = {
				ALWAYS_SEARCH_USER_PATHS = NO;
				CLANG_ANALYZER_NONNULL = YES;
				CLANG_ANALYZER_NUMBER_OBJECT_CONVERSION = YES_AGGRESSIVE;
				CLANG_CXX_LANGUAGE_STANDARD = "gnu++17";
				CLANG_ENABLE_MODULES = YES;
				CLANG_ENABLE_OBJC_ARC = YES;
				CLANG_ENABLE_OBJC_WEAK = YES;
				CLANG_WARN_BLOCK_CAPTURE_AUTORELEASING = YES;
				CLANG_WARN_BOOL_CONVERSION = YES;
				CLANG_WARN_COMMA = YES;
				CLANG_WARN_CONSTANT_CONVERSION = YES;
				CLANG_WARN_DEPRECATED_OBJC_IMPLEMENTATIONS = YES;
				CLANG_WARN_DIRECT_OBJC_ISA_USAGE = YES_ERROR;
				CLANG_WARN_DOCUMENTATION_COMMENTS = YES;
				CLANG_WARN_EMPTY_BODY = YES;
				CLANG_WARN_ENUM_CONVERSION = YES;
				CLANG_WARN_INFINITE_RECURSION = YES;
				CLANG_WARN_INT_CONVERSION = YES;
				CLANG_WARN_NON_LITERAL_NULL_CONVERSION = YES;
				CLANG_WARN_OBJC_IMPLICIT_RETAIN_SELF = YES;
				CLANG_WARN_OBJC_LITERAL_CONVERSION = YES;
				CLANG_WARN_OBJC_ROOT_CLASS = YES_ERROR;
				CLANG_WARN_QUOTED_INCLUDE_IN_FRAMEWORK_HEADER = YES;
				CLANG_WARN_RANGE_LOOP_ANALYSIS = YES;
				CLANG_WARN_STRICT_PROTOTYPES = YES;
				CLANG_WARN_SUSPICIOUS_MOVE = YES;
				CLANG_WARN_UNGUARDED_AVAILABILITY = YES_AGGRESSIVE;
				CLANG_WARN_UNREACHABLE_CODE = YES;
				CLANG_WARN__DUPLICATE_METHOD_MATCH = YES;
				COPY_PHASE_STRIP = NO;
				DEBUG_INFORMATION_FORMAT = dwarf;
				ENABLE_STRICT_OBJC_MSGSEND = YES;
				ENABLE_TESTABILITY = YES;
				GCC_C_LANGUAGE_STANDARD = gnu11;
				GCC_DYNAMIC_NO_PIC = NO;
				GCC_NO_COMMON_BLOCKS = YES;
				GCC_OPTIMIZATION_LEVEL = 0;
				GCC_PREPROCESSOR_DEFINITIONS = (
					"DEBUG=1",
					"$(inherited)",
				);
				GCC_WARN_64_TO_32_BIT_CONVERSION = YES;
				GCC_WARN_ABOUT_RETURN_TYPE = YES_ERROR;
				GCC_WARN_UNDECLARED_SELECTOR = YES;
				GCC_WARN_UNINITIALIZED_AUTOS = YES_AGGRESSIVE;
				GCC_WARN_UNUSED_FUNCTION = YES;
				GCC_WARN_UNUSED_VARIABLE = YES;
				IPHONEOS_DEPLOYMENT_TARGET = 14.0;
				MTL_ENABLE_DEBUG_INFO = INCLUDE_SOURCE;
				MTL_FAST_MATH = YES;
				ONLY_ACTIVE_ARCH = YES;
				SDKROOT = iphoneos;
				SWIFT_ACTIVE_COMPILATION_CONDITIONS = DEBUG;
				SWIFT_OPTIMIZATION_LEVEL = "-Onone";
			};
			name = Debug;
		};
		1A177EA7283648FE00A2357B /* Release */ = {
			isa = XCBuildConfiguration;
			buildSettings = {
				ALWAYS_SEARCH_USER_PATHS = NO;
				CLANG_ANALYZER_NONNULL = YES;
				CLANG_ANALYZER_NUMBER_OBJECT_CONVERSION = YES_AGGRESSIVE;
				CLANG_CXX_LANGUAGE_STANDARD = "gnu++17";
				CLANG_ENABLE_MODULES = YES;
				CLANG_ENABLE_OBJC_ARC = YES;
				CLANG_ENABLE_OBJC_WEAK = YES;
				CLANG_WARN_BLOCK_CAPTURE_AUTORELEASING = YES;
				CLANG_WARN_BOOL_CONVERSION = YES;
				CLANG_WARN_COMMA = YES;
				CLANG_WARN_CONSTANT_CONVERSION = YES;
				CLANG_WARN_DEPRECATED_OBJC_IMPLEMENTATIONS = YES;
				CLANG_WARN_DIRECT_OBJC_ISA_USAGE = YES_ERROR;
				CLANG_WARN_DOCUMENTATION_COMMENTS = YES;
				CLANG_WARN_EMPTY_BODY = YES;
				CLANG_WARN_ENUM_CONVERSION = YES;
				CLANG_WARN_INFINITE_RECURSION = YES;
				CLANG_WARN_INT_CONVERSION = YES;
				CLANG_WARN_NON_LITERAL_NULL_CONVERSION = YES;
				CLANG_WARN_OBJC_IMPLICIT_RETAIN_SELF = YES;
				CLANG_WARN_OBJC_LITERAL_CONVERSION = YES;
				CLANG_WARN_OBJC_ROOT_CLASS = YES_ERROR;
				CLANG_WARN_QUOTED_INCLUDE_IN_FRAMEWORK_HEADER = YES;
				CLANG_WARN_RANGE_LOOP_ANALYSIS = YES;
				CLANG_WARN_STRICT_PROTOTYPES = YES;
				CLANG_WARN_SUSPICIOUS_MOVE = YES;
				CLANG_WARN_UNGUARDED_AVAILABILITY = YES_AGGRESSIVE;
				CLANG_WARN_UNREACHABLE_CODE = YES;
				CLANG_WARN__DUPLICATE_METHOD_MATCH = YES;
				COPY_PHASE_STRIP = NO;
				DEBUG_INFORMATION_FORMAT = "dwarf-with-dsym";
				ENABLE_NS_ASSERTIONS = NO;
				ENABLE_STRICT_OBJC_MSGSEND = YES;
				GCC_C_LANGUAGE_STANDARD = gnu11;
				GCC_NO_COMMON_BLOCKS = YES;
				GCC_WARN_64_TO_32_BIT_CONVERSION = YES;
				GCC_WARN_ABOUT_RETURN_TYPE = YES_ERROR;
				GCC_WARN_UNDECLARED_SELECTOR = YES;
				GCC_WARN_UNINITIALIZED_AUTOS = YES_AGGRESSIVE;
				GCC_WARN_UNUSED_FUNCTION = YES;
				GCC_WARN_UNUSED_VARIABLE = YES;
				IPHONEOS_DEPLOYMENT_TARGET = 14.0;
				MTL_ENABLE_DEBUG_INFO = NO;
				MTL_FAST_MATH = YES;
				SDKROOT = iphoneos;
				SWIFT_COMPILATION_MODE = wholemodule;
				SWIFT_OPTIMIZATION_LEVEL = "-O";
				VALIDATE_PRODUCT = YES;
			};
			name = Release;
		};
		1A177EA9283648FE00A2357B /* Debug */ = {
			isa = XCBuildConfiguration;
			buildSettings = {
				ASSETCATALOG_COMPILER_APPICON_NAME = AppIcon;
				ASSETCATALOG_COMPILER_GLOBAL_ACCENT_COLOR_NAME = AccentColor;
				CODE_SIGN_STYLE = Automatic;
				CURRENT_PROJECT_VERSION = 1;
				DEVELOPMENT_ASSET_PATHS = "\"Chefio/Preview Content\"";
				DEVELOPMENT_TEAM = R7YDZH7994;
				ENABLE_PREVIEWS = YES;
				GENERATE_INFOPLIST_FILE = YES;
				INFOPLIST_KEY_UIApplicationSceneManifest_Generation = YES;
				INFOPLIST_KEY_UIApplicationSupportsIndirectInputEvents = YES;
				INFOPLIST_KEY_UILaunchScreen_Generation = YES;
				INFOPLIST_KEY_UISupportedInterfaceOrientations_iPad = "UIInterfaceOrientationPortrait UIInterfaceOrientationPortraitUpsideDown UIInterfaceOrientationLandscapeLeft UIInterfaceOrientationLandscapeRight";
				INFOPLIST_KEY_UISupportedInterfaceOrientations_iPhone = "UIInterfaceOrientationPortrait UIInterfaceOrientationLandscapeLeft UIInterfaceOrientationLandscapeRight";
				IPHONEOS_DEPLOYMENT_TARGET = 14.0;
				LD_RUNPATH_SEARCH_PATHS = (
					"$(inherited)",
					"@executable_path/Frameworks",
				);
				MARKETING_VERSION = 1.0;
				PRODUCT_BUNDLE_IDENTIFIER = com.farnosov.Chefio;
				PRODUCT_NAME = "$(TARGET_NAME)";
				SWIFT_EMIT_LOC_STRINGS = YES;
				SWIFT_VERSION = 5.0;
				TARGETED_DEVICE_FAMILY = "1,2";
			};
			name = Debug;
		};
		1A177EAA283648FE00A2357B /* Release */ = {
			isa = XCBuildConfiguration;
			buildSettings = {
				ASSETCATALOG_COMPILER_APPICON_NAME = AppIcon;
				ASSETCATALOG_COMPILER_GLOBAL_ACCENT_COLOR_NAME = AccentColor;
				CODE_SIGN_STYLE = Automatic;
				CURRENT_PROJECT_VERSION = 1;
				DEVELOPMENT_ASSET_PATHS = "\"Chefio/Preview Content\"";
				DEVELOPMENT_TEAM = R7YDZH7994;
				ENABLE_PREVIEWS = YES;
				GENERATE_INFOPLIST_FILE = YES;
				INFOPLIST_KEY_UIApplicationSceneManifest_Generation = YES;
				INFOPLIST_KEY_UIApplicationSupportsIndirectInputEvents = YES;
				INFOPLIST_KEY_UILaunchScreen_Generation = YES;
				INFOPLIST_KEY_UISupportedInterfaceOrientations_iPad = "UIInterfaceOrientationPortrait UIInterfaceOrientationPortraitUpsideDown UIInterfaceOrientationLandscapeLeft UIInterfaceOrientationLandscapeRight";
				INFOPLIST_KEY_UISupportedInterfaceOrientations_iPhone = "UIInterfaceOrientationPortrait UIInterfaceOrientationLandscapeLeft UIInterfaceOrientationLandscapeRight";
				IPHONEOS_DEPLOYMENT_TARGET = 14.0;
				LD_RUNPATH_SEARCH_PATHS = (
					"$(inherited)",
					"@executable_path/Frameworks",
				);
				MARKETING_VERSION = 1.0;
				PRODUCT_BUNDLE_IDENTIFIER = com.farnosov.Chefio;
				PRODUCT_NAME = "$(TARGET_NAME)";
				SWIFT_EMIT_LOC_STRINGS = YES;
				SWIFT_VERSION = 5.0;
				TARGETED_DEVICE_FAMILY = "1,2";
			};
			name = Release;
		};
/* End XCBuildConfiguration section */

/* Begin XCConfigurationList section */
		1A177E95283648FD00A2357B /* Build configuration list for PBXProject "Chefio" */ = {
			isa = XCConfigurationList;
			buildConfigurations = (
				1A177EA6283648FE00A2357B /* Debug */,
				1A177EA7283648FE00A2357B /* Release */,
			);
			defaultConfigurationIsVisible = 0;
			defaultConfigurationName = Release;
		};
		1A177EA8283648FE00A2357B /* Build configuration list for PBXNativeTarget "Chefio" */ = {
			isa = XCConfigurationList;
			buildConfigurations = (
				1A177EA9283648FE00A2357B /* Debug */,
				1A177EAA283648FE00A2357B /* Release */,
			);
			defaultConfigurationIsVisible = 0;
			defaultConfigurationName = Release;
		};
/* End XCConfigurationList section */
	};
	rootObject = 1A177E92283648FD00A2357B /* Project object */;
}
